
Microsoft Visual Studio Solution File, Format Version 12.00
Project("{FAE04EC0-301F-11D3-BF4B-00C04F79EFBC}") = "WebApp", "WebApp\WebApp.csproj", "{3E67F524-B1E3-4D59-84D5-9026BCF365C3}"
EndProject
Project("{FAE04EC0-301F-11D3-BF4B-00C04F79EFBC}") = "App.DAL.EF", "App.DAL.EF\App.DAL.EF.csproj", "{F697AC8F-58DB-4127-AC8F-9D9EE39BC3C5}"
EndProject
Project("{FAE04EC0-301F-11D3-BF4B-00C04F79EFBC}") = "App.Domain", "App.Domain\App.Domain.csproj", "{923EF710-61C5-44F0-A7F4-9135E02FF943}"
EndProject
Project("{2150E333-8FDC-42A3-9474-1A3956D46DE8}") = "Additional", "Additional", "{DF2AD479-5E43-4D7A-AD44-40BAFADAEFD7}"
EndProject
Project("{FAE04EC0-301F-11D3-BF4B-00C04F79EFBC}") = "App.Resourses", "App.Resourses\App.Resourses.csproj", "{4876CB21-D860-406C-9812-06FD0C65424B}"
EndProject
Project("{2150E333-8FDC-42A3-9474-1A3956D46DE8}") = "Base", "Base", "{F8909F35-9F2B-415B-A5B7-1A7E7A926426}"
EndProject
Project("{FAE04EC0-301F-11D3-BF4B-00C04F79EFBC}") = "Base.Domain", "Base.Domain\Base.Domain.csproj", "{E2150964-AE08-4582-A4BA-F4EED5BC4103}"
EndProject
Project("{FAE04EC0-301F-11D3-BF4B-00C04F79EFBC}") = "Base.Resources", "Base.Resources\Base.Resources.csproj", "{5B4AC593-C9DF-47A6-B344-CD6EF2FB5129}"
EndProject
Project("{2150E333-8FDC-42A3-9474-1A3956D46DE8}") = "App", "App", "{761D7684-B103-4FE4-A2FF-E7CC169487FA}"
EndProject
Project("{2150E333-8FDC-42A3-9474-1A3956D46DE8}") = "Solution Items", "Solution Items", "{841B72AD-1442-4896-A0CB-C3CEE87C91CA}"
	ProjectSection(SolutionItems) = preProject
		Directory.Build.props = Directory.Build.props
		docker-compose.yml = docker-compose.yml
	EndProjectSection
EndProject
Project("{FAE04EC0-301F-11D3-BF4B-00C04F79EFBC}") = "App.Contracts.DAL", "App.Contracts.DAL\App.Contracts.DAL.csproj", "{3C878E5A-E40D-491A-9080-01D7A59666EF}"
EndProject
Project("{FAE04EC0-301F-11D3-BF4B-00C04F79EFBC}") = "Base.DAL.EF", "Base.DAL.EF\Base.DAL.EF.csproj", "{0F2866B2-FA25-482C-9B18-859FBE1533F2}"
EndProject
Project("{2150E333-8FDC-42A3-9474-1A3956D46DE8}") = "Base.Contracts", "Base.Contracts", "{F01CF685-8AA2-4185-BE3F-489B505E0602}"
EndProject
Project("{FAE04EC0-301F-11D3-BF4B-00C04F79EFBC}") = "Base.Contracts.DAL", "Base.Contracts.DAL\Base.Contracts.DAL.csproj", "{7E386D90-A968-497D-A73A-3BBD47206182}"
EndProject
Project("{FAE04EC0-301F-11D3-BF4B-00C04F79EFBC}") = "Base.Contracts.Domain", "Base.Contracts.Domain\Base.Contracts.Domain.csproj", "{B8ED5561-9C16-415F-BDAD-013E8643B3BA}"
EndProject
Project("{FAE04EC0-301F-11D3-BF4B-00C04F79EFBC}") = "Helpers.WebApp", "Helpers.WebApp\Helpers.WebApp.csproj", "{71713252-9E9C-4C89-B47A-02DCE01A2C26}"
EndProject
Project("{FAE04EC0-301F-11D3-BF4B-00C04F79EFBC}") = "Base.Contracts.Base", "Base.Contracts.Base\Base.Contracts.Base.csproj", "{768ADE8E-C779-40F7-BA20-91A77FCEBF5F}"
EndProject
Project("{FAE04EC0-301F-11D3-BF4B-00C04F79EFBC}") = "Base.Contracts.BLL", "Base.Contracts.BLL\Base.Contracts.BLL.csproj", "{D8BA0761-FF7B-401C-8F32-215202BE7F36}"
EndProject
Project("{FAE04EC0-301F-11D3-BF4B-00C04F79EFBC}") = "Base.BLL", "Base.BLL\Base.BLL.csproj", "{523229BE-EBCB-4861-8A5B-DD3D49B90639}"
EndProject
Project("{FAE04EC0-301F-11D3-BF4B-00C04F79EFBC}") = "Base.DAL", "Base.DAL\Base.DAL.csproj", "{E07CA51E-CC8E-4C5C-8A9C-825B9020B35A}"
EndProject
Project("{FAE04EC0-301F-11D3-BF4B-00C04F79EFBC}") = "App.DAL.DTO", "App.DAL.DTO\App.DAL.DTO.csproj", "{8D150202-E13D-4C12-B943-F50410C0845B}"
EndProject
Project("{FAE04EC0-301F-11D3-BF4B-00C04F79EFBC}") = "App.Contracts.BLL", "App.Contracts.BLL\App.Contracts.BLL.csproj", "{0B8F8FD5-CBBE-495C-A45C-D2D8DD8473D7}"
EndProject
Project("{FAE04EC0-301F-11D3-BF4B-00C04F79EFBC}") = "App.BLL", "App.BLL\App.BLL.csproj", "{28055CAB-D7F5-41ED-84F2-E3A427D2A911}"
EndProject
Project("{FAE04EC0-301F-11D3-BF4B-00C04F79EFBC}") = "App.BLL.DTO", "App.BLL.DTO\App.BLL.DTO.csproj", "{04295932-F1AD-467F-9406-4A1178DD19F3}"
EndProject
Global
	GlobalSection(SolutionConfigurationPlatforms) = preSolution
		Debug|Any CPU = Debug|Any CPU
		Release|Any CPU = Release|Any CPU
	EndGlobalSection
	GlobalSection(ProjectConfigurationPlatforms) = postSolution
		{3E67F524-B1E3-4D59-84D5-9026BCF365C3}.Debug|Any CPU.ActiveCfg = Debug|Any CPU
		{3E67F524-B1E3-4D59-84D5-9026BCF365C3}.Debug|Any CPU.Build.0 = Debug|Any CPU
		{3E67F524-B1E3-4D59-84D5-9026BCF365C3}.Release|Any CPU.ActiveCfg = Release|Any CPU
		{3E67F524-B1E3-4D59-84D5-9026BCF365C3}.Release|Any CPU.Build.0 = Release|Any CPU
		{F697AC8F-58DB-4127-AC8F-9D9EE39BC3C5}.Debug|Any CPU.ActiveCfg = Debug|Any CPU
		{F697AC8F-58DB-4127-AC8F-9D9EE39BC3C5}.Debug|Any CPU.Build.0 = Debug|Any CPU
		{F697AC8F-58DB-4127-AC8F-9D9EE39BC3C5}.Release|Any CPU.ActiveCfg = Release|Any CPU
		{F697AC8F-58DB-4127-AC8F-9D9EE39BC3C5}.Release|Any CPU.Build.0 = Release|Any CPU
		{923EF710-61C5-44F0-A7F4-9135E02FF943}.Debug|Any CPU.ActiveCfg = Debug|Any CPU
		{923EF710-61C5-44F0-A7F4-9135E02FF943}.Debug|Any CPU.Build.0 = Debug|Any CPU
		{923EF710-61C5-44F0-A7F4-9135E02FF943}.Release|Any CPU.ActiveCfg = Release|Any CPU
		{923EF710-61C5-44F0-A7F4-9135E02FF943}.Release|Any CPU.Build.0 = Release|Any CPU
		{4876CB21-D860-406C-9812-06FD0C65424B}.Debug|Any CPU.ActiveCfg = Debug|Any CPU
		{4876CB21-D860-406C-9812-06FD0C65424B}.Debug|Any CPU.Build.0 = Debug|Any CPU
		{4876CB21-D860-406C-9812-06FD0C65424B}.Release|Any CPU.ActiveCfg = Release|Any CPU
		{4876CB21-D860-406C-9812-06FD0C65424B}.Release|Any CPU.Build.0 = Release|Any CPU
		{E2150964-AE08-4582-A4BA-F4EED5BC4103}.Debug|Any CPU.ActiveCfg = Debug|Any CPU
		{E2150964-AE08-4582-A4BA-F4EED5BC4103}.Debug|Any CPU.Build.0 = Debug|Any CPU
		{E2150964-AE08-4582-A4BA-F4EED5BC4103}.Release|Any CPU.ActiveCfg = Release|Any CPU
		{E2150964-AE08-4582-A4BA-F4EED5BC4103}.Release|Any CPU.Build.0 = Release|Any CPU
		{5B4AC593-C9DF-47A6-B344-CD6EF2FB5129}.Debug|Any CPU.ActiveCfg = Debug|Any CPU
		{5B4AC593-C9DF-47A6-B344-CD6EF2FB5129}.Debug|Any CPU.Build.0 = Debug|Any CPU
		{5B4AC593-C9DF-47A6-B344-CD6EF2FB5129}.Release|Any CPU.ActiveCfg = Release|Any CPU
		{5B4AC593-C9DF-47A6-B344-CD6EF2FB5129}.Release|Any CPU.Build.0 = Release|Any CPU
		{3C878E5A-E40D-491A-9080-01D7A59666EF}.Debug|Any CPU.ActiveCfg = Debug|Any CPU
		{3C878E5A-E40D-491A-9080-01D7A59666EF}.Debug|Any CPU.Build.0 = Debug|Any CPU
		{3C878E5A-E40D-491A-9080-01D7A59666EF}.Release|Any CPU.ActiveCfg = Release|Any CPU
		{3C878E5A-E40D-491A-9080-01D7A59666EF}.Release|Any CPU.Build.0 = Release|Any CPU
		{0F2866B2-FA25-482C-9B18-859FBE1533F2}.Debug|Any CPU.ActiveCfg = Debug|Any CPU
		{0F2866B2-FA25-482C-9B18-859FBE1533F2}.Debug|Any CPU.Build.0 = Debug|Any CPU
		{0F2866B2-FA25-482C-9B18-859FBE1533F2}.Release|Any CPU.ActiveCfg = Release|Any CPU
		{0F2866B2-FA25-482C-9B18-859FBE1533F2}.Release|Any CPU.Build.0 = Release|Any CPU
		{7E386D90-A968-497D-A73A-3BBD47206182}.Debug|Any CPU.ActiveCfg = Debug|Any CPU
		{7E386D90-A968-497D-A73A-3BBD47206182}.Debug|Any CPU.Build.0 = Debug|Any CPU
		{7E386D90-A968-497D-A73A-3BBD47206182}.Release|Any CPU.ActiveCfg = Release|Any CPU
		{7E386D90-A968-497D-A73A-3BBD47206182}.Release|Any CPU.Build.0 = Release|Any CPU
		{B8ED5561-9C16-415F-BDAD-013E8643B3BA}.Debug|Any CPU.ActiveCfg = Debug|Any CPU
		{B8ED5561-9C16-415F-BDAD-013E8643B3BA}.Debug|Any CPU.Build.0 = Debug|Any CPU
		{B8ED5561-9C16-415F-BDAD-013E8643B3BA}.Release|Any CPU.ActiveCfg = Release|Any CPU
		{B8ED5561-9C16-415F-BDAD-013E8643B3BA}.Release|Any CPU.Build.0 = Release|Any CPU
		{71713252-9E9C-4C89-B47A-02DCE01A2C26}.Debug|Any CPU.ActiveCfg = Debug|Any CPU
		{71713252-9E9C-4C89-B47A-02DCE01A2C26}.Debug|Any CPU.Build.0 = Debug|Any CPU
		{71713252-9E9C-4C89-B47A-02DCE01A2C26}.Release|Any CPU.ActiveCfg = Release|Any CPU
		{71713252-9E9C-4C89-B47A-02DCE01A2C26}.Release|Any CPU.Build.0 = Release|Any CPU
		{768ADE8E-C779-40F7-BA20-91A77FCEBF5F}.Debug|Any CPU.ActiveCfg = Debug|Any CPU
		{768ADE8E-C779-40F7-BA20-91A77FCEBF5F}.Debug|Any CPU.Build.0 = Debug|Any CPU
		{768ADE8E-C779-40F7-BA20-91A77FCEBF5F}.Release|Any CPU.ActiveCfg = Release|Any CPU
		{768ADE8E-C779-40F7-BA20-91A77FCEBF5F}.Release|Any CPU.Build.0 = Release|Any CPU
		{D8BA0761-FF7B-401C-8F32-215202BE7F36}.Debug|Any CPU.ActiveCfg = Debug|Any CPU
		{D8BA0761-FF7B-401C-8F32-215202BE7F36}.Debug|Any CPU.Build.0 = Debug|Any CPU
		{D8BA0761-FF7B-401C-8F32-215202BE7F36}.Release|Any CPU.ActiveCfg = Release|Any CPU
		{D8BA0761-FF7B-401C-8F32-215202BE7F36}.Release|Any CPU.Build.0 = Release|Any CPU
		{523229BE-EBCB-4861-8A5B-DD3D49B90639}.Debug|Any CPU.ActiveCfg = Debug|Any CPU
		{523229BE-EBCB-4861-8A5B-DD3D49B90639}.Debug|Any CPU.Build.0 = Debug|Any CPU
		{523229BE-EBCB-4861-8A5B-DD3D49B90639}.Release|Any CPU.ActiveCfg = Release|Any CPU
		{523229BE-EBCB-4861-8A5B-DD3D49B90639}.Release|Any CPU.Build.0 = Release|Any CPU
		{E07CA51E-CC8E-4C5C-8A9C-825B9020B35A}.Debug|Any CPU.ActiveCfg = Debug|Any CPU
		{E07CA51E-CC8E-4C5C-8A9C-825B9020B35A}.Debug|Any CPU.Build.0 = Debug|Any CPU
		{E07CA51E-CC8E-4C5C-8A9C-825B9020B35A}.Release|Any CPU.ActiveCfg = Release|Any CPU
		{E07CA51E-CC8E-4C5C-8A9C-825B9020B35A}.Release|Any CPU.Build.0 = Release|Any CPU
		{8D150202-E13D-4C12-B943-F50410C0845B}.Debug|Any CPU.ActiveCfg = Debug|Any CPU
		{8D150202-E13D-4C12-B943-F50410C0845B}.Debug|Any CPU.Build.0 = Debug|Any CPU
		{8D150202-E13D-4C12-B943-F50410C0845B}.Release|Any CPU.ActiveCfg = Release|Any CPU
		{8D150202-E13D-4C12-B943-F50410C0845B}.Release|Any CPU.Build.0 = Release|Any CPU
		{0B8F8FD5-CBBE-495C-A45C-D2D8DD8473D7}.Debug|Any CPU.ActiveCfg = Debug|Any CPU
		{0B8F8FD5-CBBE-495C-A45C-D2D8DD8473D7}.Debug|Any CPU.Build.0 = Debug|Any CPU
		{0B8F8FD5-CBBE-495C-A45C-D2D8DD8473D7}.Release|Any CPU.ActiveCfg = Release|Any CPU
		{0B8F8FD5-CBBE-495C-A45C-D2D8DD8473D7}.Release|Any CPU.Build.0 = Release|Any CPU
		{28055CAB-D7F5-41ED-84F2-E3A427D2A911}.Debug|Any CPU.ActiveCfg = Debug|Any CPU
		{28055CAB-D7F5-41ED-84F2-E3A427D2A911}.Debug|Any CPU.Build.0 = Debug|Any CPU
		{28055CAB-D7F5-41ED-84F2-E3A427D2A911}.Release|Any CPU.ActiveCfg = Release|Any CPU
		{28055CAB-D7F5-41ED-84F2-E3A427D2A911}.Release|Any CPU.Build.0 = Release|Any CPU
		{04295932-F1AD-467F-9406-4A1178DD19F3}.Debug|Any CPU.ActiveCfg = Debug|Any CPU
		{04295932-F1AD-467F-9406-4A1178DD19F3}.Debug|Any CPU.Build.0 = Debug|Any CPU
		{04295932-F1AD-467F-9406-4A1178DD19F3}.Release|Any CPU.ActiveCfg = Release|Any CPU
		{04295932-F1AD-467F-9406-4A1178DD19F3}.Release|Any CPU.Build.0 = Release|Any CPU
	EndGlobalSection
	GlobalSection(NestedProjects) = preSolution
		{E2150964-AE08-4582-A4BA-F4EED5BC4103} = {F8909F35-9F2B-415B-A5B7-1A7E7A926426}
		{5B4AC593-C9DF-47A6-B344-CD6EF2FB5129} = {F8909F35-9F2B-415B-A5B7-1A7E7A926426}
		{923EF710-61C5-44F0-A7F4-9135E02FF943} = {761D7684-B103-4FE4-A2FF-E7CC169487FA}
		{4876CB21-D860-406C-9812-06FD0C65424B} = {761D7684-B103-4FE4-A2FF-E7CC169487FA}
		{F697AC8F-58DB-4127-AC8F-9D9EE39BC3C5} = {761D7684-B103-4FE4-A2FF-E7CC169487FA}
		{3C878E5A-E40D-491A-9080-01D7A59666EF} = {761D7684-B103-4FE4-A2FF-E7CC169487FA}
		{3E67F524-B1E3-4D59-84D5-9026BCF365C3} = {761D7684-B103-4FE4-A2FF-E7CC169487FA}
		{0F2866B2-FA25-482C-9B18-859FBE1533F2} = {F8909F35-9F2B-415B-A5B7-1A7E7A926426}
		{7E386D90-A968-497D-A73A-3BBD47206182} = {F01CF685-8AA2-4185-BE3F-489B505E0602}
		{B8ED5561-9C16-415F-BDAD-013E8643B3BA} = {F01CF685-8AA2-4185-BE3F-489B505E0602}
		{71713252-9E9C-4C89-B47A-02DCE01A2C26} = {F8909F35-9F2B-415B-A5B7-1A7E7A926426}
		{768ADE8E-C779-40F7-BA20-91A77FCEBF5F} = {F01CF685-8AA2-4185-BE3F-489B505E0602}
		{D8BA0761-FF7B-401C-8F32-215202BE7F36} = {F01CF685-8AA2-4185-BE3F-489B505E0602}
		{523229BE-EBCB-4861-8A5B-DD3D49B90639} = {F8909F35-9F2B-415B-A5B7-1A7E7A926426}
		{E07CA51E-CC8E-4C5C-8A9C-825B9020B35A} = {F8909F35-9F2B-415B-A5B7-1A7E7A926426}
		{8D150202-E13D-4C12-B943-F50410C0845B} = {761D7684-B103-4FE4-A2FF-E7CC169487FA}
		{0B8F8FD5-CBBE-495C-A45C-D2D8DD8473D7} = {761D7684-B103-4FE4-A2FF-E7CC169487FA}
		{28055CAB-D7F5-41ED-84F2-E3A427D2A911} = {761D7684-B103-4FE4-A2FF-E7CC169487FA}
		{04295932-F1AD-467F-9406-4A1178DD19F3} = {761D7684-B103-4FE4-A2FF-E7CC169487FA}
	EndGlobalSection
EndGlobal
